
Microsoft Visual Studio Solution File, Format Version 11.00
# Visual Studio 2010
Project("{FAE04EC0-301F-11D3-BF4B-00C04F79EFBC}") = "Assembly-CSharp", "Assembly-CSharp.csproj", "{B52F8FA6-31AB-B1ED-836F-20C19C958E0D}"
EndProject
Project("{FAE04EC0-301F-11D3-BF4B-00C04F79EFBC}") = "Assembly-CSharp-firstpass", "Assembly-CSharp-firstpass.csproj", "{F65BE236-EAD6-91CF-8DB4-C218AC393FE5}"
EndProject
Project("{FAE04EC0-301F-11D3-BF4B-00C04F79EFBC}") = "Assembly-CSharp-Editor-firstpass", "Assembly-CSharp-Editor-firstpass.csproj", "{13373FA5-CED0-743D-9FC5-990E78D59C76}"
EndProject
Global
	GlobalSection(SolutionConfigurationPlatforms) = preSolution
		Debug|Any CPU = Debug|Any CPU
		Release|Any CPU = Release|Any CPU
	EndGlobalSection
	GlobalSection(ProjectConfigurationPlatforms) = postSolution
		{B52F8FA6-31AB-B1ED-836F-20C19C958E0D}.Debug|Any CPU.ActiveCfg = Debug|Any CPU
		{B52F8FA6-31AB-B1ED-836F-20C19C958E0D}.Debug|Any CPU.Build.0 = Debug|Any CPU
		{B52F8FA6-31AB-B1ED-836F-20C19C958E0D}.Release|Any CPU.ActiveCfg = Release|Any CPU
		{B52F8FA6-31AB-B1ED-836F-20C19C958E0D}.Release|Any CPU.Build.0 = Release|Any CPU
		{F65BE236-EAD6-91CF-8DB4-C218AC393FE5}.Debug|Any CPU.ActiveCfg = Debug|Any CPU
		{F65BE236-EAD6-91CF-8DB4-C218AC393FE5}.Debug|Any CPU.Build.0 = Debug|Any CPU
		{F65BE236-EAD6-91CF-8DB4-C218AC393FE5}.Release|Any CPU.ActiveCfg = Release|Any CPU
		{F65BE236-EAD6-91CF-8DB4-C218AC393FE5}.Release|Any CPU.Build.0 = Release|Any CPU
		{13373FA5-CED0-743D-9FC5-990E78D59C76}.Debug|Any CPU.ActiveCfg = Debug|Any CPU
		{13373FA5-CED0-743D-9FC5-990E78D59C76}.Debug|Any CPU.Build.0 = Debug|Any CPU
		{13373FA5-CED0-743D-9FC5-990E78D59C76}.Release|Any CPU.ActiveCfg = Release|Any CPU
		{13373FA5-CED0-743D-9FC5-990E78D59C76}.Release|Any CPU.Build.0 = Release|Any CPU
	EndGlobalSection
	GlobalSection(SolutionProperties) = preSolution
		HideSolutionNode = FALSE
	EndGlobalSection
	GlobalSection(MonoDevelopProperties) = preSolution
		StartupItem = Assembly-CSharp.csproj
	EndGlobalSection
EndGlobal
